
Microsoft Visual Studio Solution File, Format Version 12.00
# Visual Studio Version 16
VisualStudioVersion = 16.0.29001.49
MinimumVisualStudioVersion = 10.0.40219.1
Project("{FAE04EC0-301F-11D3-BF4B-00C04F79EFBC}") = "BaladeurMultiFormats", "BaladeurMultiFormats\BaladeurMultiFormats.csproj", "{E170D680-6255-4BCA-A859-380F698A5138}"
EndProject
Project("{FAE04EC0-301F-11D3-BF4B-00C04F79EFBC}") = "BaladeurMultiFormatsTests", "BaladeurMultiFormatsTests\BaladeurMultiFormatsTests.csproj", "{F085967D-F88B-4E45-A9C6-885F8CD7AF4E}"
EndProject
Global
	GlobalSection(SolutionConfigurationPlatforms) = preSolution
		Debug|Any CPU = Debug|Any CPU
		Release|Any CPU = Release|Any CPU
	EndGlobalSection
	GlobalSection(ProjectConfigurationPlatforms) = postSolution
		{E170D680-6255-4BCA-A859-380F698A5138}.Debug|Any CPU.ActiveCfg = Debug|Any CPU
		{E170D680-6255-4BCA-A859-380F698A5138}.Debug|Any CPU.Build.0 = Debug|Any CPU
		{E170D680-6255-4BCA-A859-380F698A5138}.Release|Any CPU.ActiveCfg = Release|Any CPU
		{E170D680-6255-4BCA-A859-380F698A5138}.Release|Any CPU.Build.0 = Release|Any CPU
		{F085967D-F88B-4E45-A9C6-885F8CD7AF4E}.Debug|Any CPU.ActiveCfg = Debug|Any CPU
		{F085967D-F88B-4E45-A9C6-885F8CD7AF4E}.Debug|Any CPU.Build.0 = Debug|Any CPU
		{F085967D-F88B-4E45-A9C6-885F8CD7AF4E}.Release|Any CPU.ActiveCfg = Release|Any CPU
		{F085967D-F88B-4E45-A9C6-885F8CD7AF4E}.Release|Any CPU.Build.0 = Release|Any CPU
	EndGlobalSection
	GlobalSection(SolutionProperties) = preSolution
		HideSolutionNode = FALSE
	EndGlobalSection
	GlobalSection(ExtensibilityGlobals) = postSolution
		SolutionGuid = {4DB3AAE1-F3EF-4161-B672-131A2B844EF5}
	EndGlobalSection
EndGlobal
